
Microsoft Visual Studio Solution File, Format Version 12.00
# Visual Studio Version 17
VisualStudioVersion = 17.4.33403.182
MinimumVisualStudioVersion = 10.0.40219.1
Project("{FAE04EC0-301F-11D3-BF4B-00C04F79EFBC}") = "BlazorApp1", "BlazorApp1\BlazorApp1.csproj", "{792AE16A-D3B4-4029-8118-1E7BB21591B0}"
EndProject
Global
	GlobalSection(SolutionConfigurationPlatforms) = preSolution
		Debug|Any CPU = Debug|Any CPU
		Release|Any CPU = Release|Any CPU
	EndGlobalSection
	GlobalSection(ProjectConfigurationPlatforms) = postSolution
		{792AE16A-D3B4-4029-8118-1E7BB21591B0}.Debug|Any CPU.ActiveCfg = Debug|Any CPU
		{792AE16A-D3B4-4029-8118-1E7BB21591B0}.Debug|Any CPU.Build.0 = Debug|Any CPU
		{792AE16A-D3B4-4029-8118-1E7BB21591B0}.Release|Any CPU.ActiveCfg = Release|Any CPU
		{792AE16A-D3B4-4029-8118-1E7BB21591B0}.Release|Any CPU.Build.0 = Release|Any CPU
	EndGlobalSection
	GlobalSection(SolutionProperties) = preSolution
		HideSolutionNode = FALSE
	EndGlobalSection
	GlobalSection(ExtensibilityGlobals) = postSolution
		SolutionGuid = {C175A585-DF0A-4039-9794-76D292DD7D92}
	EndGlobalSection
EndGlobal
